// !$*UTF8*$!
{
	archiveVersion = 1;
	classes = {
	};
	objectVersion = 46;
	objects = {

/* Begin PBXBuildFile section */
		5CC363575E1F0BB18F0118D1 /* libPods-Hansel.a in Frameworks */ = {isa = PBXBuildFile; fileRef = 608E6664B6D37F63BF62F637 /* libPods-Hansel.a */; };
		AE148AEE1A534E2900DAF29F /* AppDelegate.swift in Sources */ = {isa = PBXBuildFile; fileRef = AE148AD61A534E2900DAF29F /* AppDelegate.swift */; };
		AE148AF11A534E2900DAF29F /* CreateTransitionManager.swift in Sources */ = {isa = PBXBuildFile; fileRef = AE148ADB1A534E2900DAF29F /* CreateTransitionManager.swift */; };
		AE148AF21A534E2900DAF29F /* CreateViewController.swift in Sources */ = {isa = PBXBuildFile; fileRef = AE148ADC1A534E2900DAF29F /* CreateViewController.swift */; };
		AE148AF31A534E2900DAF29F /* CustomGesture.swift in Sources */ = {isa = PBXBuildFile; fileRef = AE148ADD1A534E2900DAF29F /* CustomGesture.swift */; };
		AE148AF41A534E2900DAF29F /* DateClass.swift in Sources */ = {isa = PBXBuildFile; fileRef = AE148ADE1A534E2900DAF29F /* DateClass.swift */; };
		AE148AF51A534E2900DAF29F /* DetailViewController.swift in Sources */ = {isa = PBXBuildFile; fileRef = AE148ADF1A534E2900DAF29F /* DetailViewController.swift */; };
		AE148AF61A534E2900DAF29F /* FilterTransitionManager.swift in Sources */ = {isa = PBXBuildFile; fileRef = AE148AE01A534E2900DAF29F /* FilterTransitionManager.swift */; };
		AE148AF71A534E2900DAF29F /* FilterViewController.swift in Sources */ = {isa = PBXBuildFile; fileRef = AE148AE11A534E2900DAF29F /* FilterViewController.swift */; };
		AE148AF81A534E2900DAF29F /* Images.xcassets in Resources */ = {isa = PBXBuildFile; fileRef = AE148AE21A534E2900DAF29F /* Images.xcassets */; };
		AE148AF91A534E2900DAF29F /* Info.plist in Resources */ = {isa = PBXBuildFile; fileRef = AE148AE31A534E2900DAF29F /* Info.plist */; };
		AE148AFA1A534E2900DAF29F /* InsightModel.swift in Sources */ = {isa = PBXBuildFile; fileRef = AE148AE41A534E2900DAF29F /* InsightModel.swift */; };
		AE148AFB1A534E2900DAF29F /* InsightsManager.swift in Sources */ = {isa = PBXBuildFile; fileRef = AE148AE61A534E2900DAF29F /* InsightsManager.swift */; };
		AE148AFC1A534E2900DAF29F /* InsightTableViewCell.swift in Sources */ = {isa = PBXBuildFile; fileRef = AE148AE71A534E2900DAF29F /* InsightTableViewCell.swift */; };
		AE148AFD1A534E2900DAF29F /* LocationManager.swift in Sources */ = {isa = PBXBuildFile; fileRef = AE148AE81A534E2900DAF29F /* LocationManager.swift */; };
		AE148AFE1A534E2900DAF29F /* MainViewController.swift in Sources */ = {isa = PBXBuildFile; fileRef = AE148AE91A534E2900DAF29F /* MainViewController.swift */; };
		AE148AFF1A534E2900DAF29F /* OneShotLocationManager.swift in Sources */ = {isa = PBXBuildFile; fileRef = AE148AEA1A534E2900DAF29F /* OneShotLocationManager.swift */; };
		AE148B001A534E2900DAF29F /* SessionManager.swift in Sources */ = {isa = PBXBuildFile; fileRef = AE148AEB1A534E2900DAF29F /* SessionManager.swift */; };
		AE148B011A534E2900DAF29F /* SessionViewController.swift in Sources */ = {isa = PBXBuildFile; fileRef = AE148AEC1A534E2900DAF29F /* SessionViewController.swift */; };
		AE148B021A534E2900DAF29F /* TransitionDelegate.swift in Sources */ = {isa = PBXBuildFile; fileRef = AE148AED1A534E2900DAF29F /* TransitionDelegate.swift */; };
		AE148B0C1A53525100DAF29F /* LaunchScreen.xib in Resources */ = {isa = PBXBuildFile; fileRef = AE148AD71A534E2900DAF29F /* LaunchScreen.xib */; };
		AE148B0D1A53525600DAF29F /* Main.storyboard in Resources */ = {isa = PBXBuildFile; fileRef = AE148AD91A534E2900DAF29F /* Main.storyboard */; };
		AEBADBFB1A4DD1FF00180115 /* InsightsTests.swift in Sources */ = {isa = PBXBuildFile; fileRef = AEBADBFA1A4DD1FF00180115 /* InsightsTests.swift */; };
		AEBADC0F1A4E162400180115 /* MapKit.framework in Frameworks */ = {isa = PBXBuildFile; fileRef = AEBADC0E1A4E162400180115 /* MapKit.framework */; };
		AED57C321A537C93007B797A /* NotificationCenter.framework in Frameworks */ = {isa = PBXBuildFile; fileRef = AED57C311A537C93007B797A /* NotificationCenter.framework */; };
		AED57C371A537C93007B797A /* TodayViewController.swift in Sources */ = {isa = PBXBuildFile; fileRef = AED57C361A537C93007B797A /* TodayViewController.swift */; };
		AED57C391A537C93007B797A /* MainInterface.storyboard in Resources */ = {isa = PBXBuildFile; fileRef = AED57C381A537C93007B797A /* MainInterface.storyboard */; };
		AED57C3C1A537C93007B797A /* Hansel Now.appex in Embed App Extensions */ = {isa = PBXBuildFile; fileRef = AED57C301A537C93007B797A /* Hansel Now.appex */; settings = {ATTRIBUTES = (RemoveHeadersOnCopy, ); }; };
/* End PBXBuildFile section */

/* Begin PBXContainerItemProxy section */
		AEBADBF51A4DD1FF00180115 /* PBXContainerItemProxy */ = {
			isa = PBXContainerItemProxy;
			containerPortal = AEBADBD71A4DD1FF00180115 /* Project object */;
			proxyType = 1;
			remoteGlobalIDString = AEBADBDE1A4DD1FF00180115;
			remoteInfo = Insights;
		};
		AED57C3A1A537C93007B797A /* PBXContainerItemProxy */ = {
			isa = PBXContainerItemProxy;
			containerPortal = AEBADBD71A4DD1FF00180115 /* Project object */;
			proxyType = 1;
			remoteGlobalIDString = AED57C2F1A537C93007B797A;
			remoteInfo = "Hansel Now";
		};
/* End PBXContainerItemProxy section */

/* Begin PBXCopyFilesBuildPhase section */
		AED57C401A537C93007B797A /* Embed App Extensions */ = {
			isa = PBXCopyFilesBuildPhase;
			buildActionMask = 2147483647;
			dstPath = "";
			dstSubfolderSpec = 13;
			files = (
				AED57C3C1A537C93007B797A /* Hansel Now.appex in Embed App Extensions */,
			);
			name = "Embed App Extensions";
			runOnlyForDeploymentPostprocessing = 0;
		};
/* End PBXCopyFilesBuildPhase section */

/* Begin PBXFileReference section */
		3526FAB4CB9043C2C62A4F30 /* libPods-Insights.a */ = {isa = PBXFileReference; explicitFileType = archive.ar; includeInIndex = 0; path = "libPods-Insights.a"; sourceTree = BUILT_PRODUCTS_DIR; };
		455F9404A9224493ADAF771E /* Pods-Insights.release.xcconfig */ = {isa = PBXFileReference; includeInIndex = 1; lastKnownFileType = text.xcconfig; name = "Pods-Insights.release.xcconfig"; path = "Pods/Target Support Files/Pods-Insights/Pods-Insights.release.xcconfig"; sourceTree = "<group>"; };
		6049BDFE5CC7B060139B1D69 /* Pods-Insights.debug.xcconfig */ = {isa = PBXFileReference; includeInIndex = 1; lastKnownFileType = text.xcconfig; name = "Pods-Insights.debug.xcconfig"; path = "Pods/Target Support Files/Pods-Insights/Pods-Insights.debug.xcconfig"; sourceTree = "<group>"; };
		608E6664B6D37F63BF62F637 /* libPods-Hansel.a */ = {isa = PBXFileReference; explicitFileType = archive.ar; includeInIndex = 0; path = "libPods-Hansel.a"; sourceTree = BUILT_PRODUCTS_DIR; };
		AE148AD61A534E2900DAF29F /* AppDelegate.swift */ = {isa = PBXFileReference; fileEncoding = 4; lastKnownFileType = sourcecode.swift; path = AppDelegate.swift; sourceTree = "<group>"; };
		AE148AD81A534E2900DAF29F /* Base */ = {isa = PBXFileReference; lastKnownFileType = file.xib; name = Base; path = Base.lproj/LaunchScreen.xib; sourceTree = "<group>"; };
		AE148ADA1A534E2900DAF29F /* Base */ = {isa = PBXFileReference; lastKnownFileType = file.storyboard; name = Base; path = Base.lproj/Main.storyboard; sourceTree = "<group>"; };
		AE148ADB1A534E2900DAF29F /* CreateTransitionManager.swift */ = {isa = PBXFileReference; fileEncoding = 4; lastKnownFileType = sourcecode.swift; path = CreateTransitionManager.swift; sourceTree = "<group>"; };
		AE148ADC1A534E2900DAF29F /* CreateViewController.swift */ = {isa = PBXFileReference; fileEncoding = 4; lastKnownFileType = sourcecode.swift; path = CreateViewController.swift; sourceTree = "<group>"; };
		AE148ADD1A534E2900DAF29F /* CustomGesture.swift */ = {isa = PBXFileReference; fileEncoding = 4; lastKnownFileType = sourcecode.swift; path = CustomGesture.swift; sourceTree = "<group>"; };
		AE148ADE1A534E2900DAF29F /* DateClass.swift */ = {isa = PBXFileReference; fileEncoding = 4; lastKnownFileType = sourcecode.swift; path = DateClass.swift; sourceTree = "<group>"; };
		AE148ADF1A534E2900DAF29F /* DetailViewController.swift */ = {isa = PBXFileReference; fileEncoding = 4; lastKnownFileType = sourcecode.swift; path = DetailViewController.swift; sourceTree = "<group>"; };
		AE148AE01A534E2900DAF29F /* FilterTransitionManager.swift */ = {isa = PBXFileReference; fileEncoding = 4; lastKnownFileType = sourcecode.swift; path = FilterTransitionManager.swift; sourceTree = "<group>"; };
		AE148AE11A534E2900DAF29F /* FilterViewController.swift */ = {isa = PBXFileReference; fileEncoding = 4; lastKnownFileType = sourcecode.swift; path = FilterViewController.swift; sourceTree = "<group>"; };
		AE148AE21A534E2900DAF29F /* Images.xcassets */ = {isa = PBXFileReference; lastKnownFileType = folder.assetcatalog; path = Images.xcassets; sourceTree = "<group>"; };
		AE148AE31A534E2900DAF29F /* Info.plist */ = {isa = PBXFileReference; fileEncoding = 4; lastKnownFileType = text.plist.xml; path = Info.plist; sourceTree = "<group>"; };
		AE148AE41A534E2900DAF29F /* InsightModel.swift */ = {isa = PBXFileReference; fileEncoding = 4; lastKnownFileType = sourcecode.swift; path = InsightModel.swift; sourceTree = "<group>"; };
		AE148AE51A534E2900DAF29F /* Hansel-Bridging-Header.h */ = {isa = PBXFileReference; fileEncoding = 4; lastKnownFileType = sourcecode.c.h; path = "Hansel-Bridging-Header.h"; sourceTree = "<group>"; };
		AE148AE61A534E2900DAF29F /* InsightsManager.swift */ = {isa = PBXFileReference; fileEncoding = 4; lastKnownFileType = sourcecode.swift; path = InsightsManager.swift; sourceTree = "<group>"; };
		AE148AE71A534E2900DAF29F /* InsightTableViewCell.swift */ = {isa = PBXFileReference; fileEncoding = 4; lastKnownFileType = sourcecode.swift; path = InsightTableViewCell.swift; sourceTree = "<group>"; };
		AE148AE81A534E2900DAF29F /* LocationManager.swift */ = {isa = PBXFileReference; fileEncoding = 4; lastKnownFileType = sourcecode.swift; path = LocationManager.swift; sourceTree = "<group>"; };
		AE148AE91A534E2900DAF29F /* MainViewController.swift */ = {isa = PBXFileReference; fileEncoding = 4; lastKnownFileType = sourcecode.swift; path = MainViewController.swift; sourceTree = "<group>"; };
		AE148AEA1A534E2900DAF29F /* OneShotLocationManager.swift */ = {isa = PBXFileReference; fileEncoding = 4; lastKnownFileType = sourcecode.swift; path = OneShotLocationManager.swift; sourceTree = "<group>"; };
		AE148AEB1A534E2900DAF29F /* SessionManager.swift */ = {isa = PBXFileReference; fileEncoding = 4; lastKnownFileType = sourcecode.swift; path = SessionManager.swift; sourceTree = "<group>"; };
		AE148AEC1A534E2900DAF29F /* SessionViewController.swift */ = {isa = PBXFileReference; fileEncoding = 4; lastKnownFileType = sourcecode.swift; path = SessionViewController.swift; sourceTree = "<group>"; };
		AE148AED1A534E2900DAF29F /* TransitionDelegate.swift */ = {isa = PBXFileReference; fileEncoding = 4; lastKnownFileType = sourcecode.swift; path = TransitionDelegate.swift; sourceTree = "<group>"; };
		AEBADBDF1A4DD1FF00180115 /* Hansel.app */ = {isa = PBXFileReference; explicitFileType = wrapper.application; includeInIndex = 0; path = Hansel.app; sourceTree = BUILT_PRODUCTS_DIR; };
		AEBADBF41A4DD1FF00180115 /* HanselTests.xctest */ = {isa = PBXFileReference; explicitFileType = wrapper.cfbundle; includeInIndex = 0; path = HanselTests.xctest; sourceTree = BUILT_PRODUCTS_DIR; };
		AEBADBF91A4DD1FF00180115 /* Info.plist */ = {isa = PBXFileReference; lastKnownFileType = text.plist.xml; path = Info.plist; sourceTree = "<group>"; };
		AEBADBFA1A4DD1FF00180115 /* InsightsTests.swift */ = {isa = PBXFileReference; lastKnownFileType = sourcecode.swift; path = InsightsTests.swift; sourceTree = "<group>"; };
		AEBADC0E1A4E162400180115 /* MapKit.framework */ = {isa = PBXFileReference; lastKnownFileType = wrapper.framework; name = MapKit.framework; path = System/Library/Frameworks/MapKit.framework; sourceTree = SDKROOT; };
		AED57C301A537C93007B797A /* Hansel Now.appex */ = {isa = PBXFileReference; explicitFileType = "wrapper.app-extension"; includeInIndex = 0; path = "Hansel Now.appex"; sourceTree = BUILT_PRODUCTS_DIR; };
		AED57C311A537C93007B797A /* NotificationCenter.framework */ = {isa = PBXFileReference; lastKnownFileType = wrapper.framework; name = NotificationCenter.framework; path = System/Library/Frameworks/NotificationCenter.framework; sourceTree = SDKROOT; };
		AED57C351A537C93007B797A /* Info.plist */ = {isa = PBXFileReference; lastKnownFileType = text.plist.xml; path = Info.plist; sourceTree = "<group>"; };
		AED57C361A537C93007B797A /* TodayViewController.swift */ = {isa = PBXFileReference; lastKnownFileType = sourcecode.swift; path = TodayViewController.swift; sourceTree = "<group>"; };
		AED57C381A537C93007B797A /* MainInterface.storyboard */ = {isa = PBXFileReference; lastKnownFileType = file.storyboard; path = MainInterface.storyboard; sourceTree = "<group>"; };
		AED57C411A537D16007B797A /* Hansel.entitlements */ = {isa = PBXFileReference; lastKnownFileType = text.xml; path = Hansel.entitlements; sourceTree = "<group>"; };
		AED57C421A537D1F007B797A /* Hansel Now.entitlements */ = {isa = PBXFileReference; lastKnownFileType = text.xml; path = "Hansel Now.entitlements"; sourceTree = "<group>"; };
		D224C646C8B7796B1D827C05 /* Pods-Hansel.release.xcconfig */ = {isa = PBXFileReference; includeInIndex = 1; lastKnownFileType = text.xcconfig; name = "Pods-Hansel.release.xcconfig"; path = "Pods/Target Support Files/Pods-Hansel/Pods-Hansel.release.xcconfig"; sourceTree = "<group>"; };
		FBC2DBD8E7C3B04B68EF48C9 /* Pods-Hansel.debug.xcconfig */ = {isa = PBXFileReference; includeInIndex = 1; lastKnownFileType = text.xcconfig; name = "Pods-Hansel.debug.xcconfig"; path = "Pods/Target Support Files/Pods-Hansel/Pods-Hansel.debug.xcconfig"; sourceTree = "<group>"; };
/* End PBXFileReference section */

/* Begin PBXFrameworksBuildPhase section */
		AEBADBDC1A4DD1FF00180115 /* Frameworks */ = {
			isa = PBXFrameworksBuildPhase;
			buildActionMask = 2147483647;
			files = (
				AEBADC0F1A4E162400180115 /* MapKit.framework in Frameworks */,
				5CC363575E1F0BB18F0118D1 /* libPods-Hansel.a in Frameworks */,
			);
			runOnlyForDeploymentPostprocessing = 0;
		};
		AEBADBF11A4DD1FF00180115 /* Frameworks */ = {
			isa = PBXFrameworksBuildPhase;
			buildActionMask = 2147483647;
			files = (
			);
			runOnlyForDeploymentPostprocessing = 0;
		};
		AED57C2D1A537C93007B797A /* Frameworks */ = {
			isa = PBXFrameworksBuildPhase;
			buildActionMask = 2147483647;
			files = (
				AED57C321A537C93007B797A /* NotificationCenter.framework in Frameworks */,
			);
			runOnlyForDeploymentPostprocessing = 0;
		};
/* End PBXFrameworksBuildPhase section */

/* Begin PBXGroup section */
		AE148AD51A534E2900DAF29F /* Hansel */ = {
			isa = PBXGroup;
			children = (
				AED57C411A537D16007B797A /* Hansel.entitlements */,
				AE148AD61A534E2900DAF29F /* AppDelegate.swift */,
				AE148AD71A534E2900DAF29F /* LaunchScreen.xib */,
				AE148AD91A534E2900DAF29F /* Main.storyboard */,
				AE148ADB1A534E2900DAF29F /* CreateTransitionManager.swift */,
				AE148ADC1A534E2900DAF29F /* CreateViewController.swift */,
				AE148ADD1A534E2900DAF29F /* CustomGesture.swift */,
				AE148ADE1A534E2900DAF29F /* DateClass.swift */,
				AE148ADF1A534E2900DAF29F /* DetailViewController.swift */,
				AE148AE01A534E2900DAF29F /* FilterTransitionManager.swift */,
				AE148AE11A534E2900DAF29F /* FilterViewController.swift */,
				AE148AE21A534E2900DAF29F /* Images.xcassets */,
				AE148AE31A534E2900DAF29F /* Info.plist */,
				AE148AE41A534E2900DAF29F /* InsightModel.swift */,
				AE148AE51A534E2900DAF29F /* Hansel-Bridging-Header.h */,
				AE148AE61A534E2900DAF29F /* InsightsManager.swift */,
				AE148AE71A534E2900DAF29F /* InsightTableViewCell.swift */,
				AE148AE81A534E2900DAF29F /* LocationManager.swift */,
				AE148AE91A534E2900DAF29F /* MainViewController.swift */,
				AE148AEA1A534E2900DAF29F /* OneShotLocationManager.swift */,
				AE148AEB1A534E2900DAF29F /* SessionManager.swift */,
				AE148AEC1A534E2900DAF29F /* SessionViewController.swift */,
				AE148AED1A534E2900DAF29F /* TransitionDelegate.swift */,
			);
			path = Hansel;
			sourceTree = "<group>";
		};
		AEBADBD61A4DD1FF00180115 = {
			isa = PBXGroup;
			children = (
				AE148AD51A534E2900DAF29F /* Hansel */,
				AEBADC0E1A4E162400180115 /* MapKit.framework */,
				AEBADBF71A4DD1FF00180115 /* InsightsTests */,
				AED57C331A537C93007B797A /* Hansel Now */,
				AEBADBE01A4DD1FF00180115 /* Products */,
				B6C8C200418CDE30FF65AC47 /* Pods */,
				D9EB05CFEE8545AE07AB6542 /* Frameworks */,
			);
			sourceTree = "<group>";
		};
		AEBADBE01A4DD1FF00180115 /* Products */ = {
			isa = PBXGroup;
			children = (
				AEBADBDF1A4DD1FF00180115 /* Hansel.app */,
				AEBADBF41A4DD1FF00180115 /* HanselTests.xctest */,
				AED57C301A537C93007B797A /* Hansel Now.appex */,
			);
			name = Products;
			sourceTree = "<group>";
		};
		AEBADBF71A4DD1FF00180115 /* InsightsTests */ = {
			isa = PBXGroup;
			children = (
				AEBADBFA1A4DD1FF00180115 /* InsightsTests.swift */,
				AEBADBF81A4DD1FF00180115 /* Supporting Files */,
			);
			path = InsightsTests;
			sourceTree = "<group>";
		};
		AEBADBF81A4DD1FF00180115 /* Supporting Files */ = {
			isa = PBXGroup;
			children = (
				AEBADBF91A4DD1FF00180115 /* Info.plist */,
			);
			name = "Supporting Files";
			sourceTree = "<group>";
		};
		AED57C331A537C93007B797A /* Hansel Now */ = {
			isa = PBXGroup;
			children = (
				AED57C421A537D1F007B797A /* Hansel Now.entitlements */,
				AED57C361A537C93007B797A /* TodayViewController.swift */,
				AED57C381A537C93007B797A /* MainInterface.storyboard */,
				AED57C341A537C93007B797A /* Supporting Files */,
			);
			path = "Hansel Now";
			sourceTree = "<group>";
		};
		AED57C341A537C93007B797A /* Supporting Files */ = {
			isa = PBXGroup;
			children = (
				AED57C351A537C93007B797A /* Info.plist */,
			);
			name = "Supporting Files";
			sourceTree = "<group>";
		};
		B6C8C200418CDE30FF65AC47 /* Pods */ = {
			isa = PBXGroup;
			children = (
				6049BDFE5CC7B060139B1D69 /* Pods-Insights.debug.xcconfig */,
				455F9404A9224493ADAF771E /* Pods-Insights.release.xcconfig */,
				FBC2DBD8E7C3B04B68EF48C9 /* Pods-Hansel.debug.xcconfig */,
				D224C646C8B7796B1D827C05 /* Pods-Hansel.release.xcconfig */,
			);
			name = Pods;
			sourceTree = "<group>";
		};
		D9EB05CFEE8545AE07AB6542 /* Frameworks */ = {
			isa = PBXGroup;
			children = (
				3526FAB4CB9043C2C62A4F30 /* libPods-Insights.a */,
				608E6664B6D37F63BF62F637 /* libPods-Hansel.a */,
				AED57C311A537C93007B797A /* NotificationCenter.framework */,
			);
			name = Frameworks;
			sourceTree = "<group>";
		};
/* End PBXGroup section */

/* Begin PBXNativeTarget section */
		AEBADBDE1A4DD1FF00180115 /* Hansel */ = {
			isa = PBXNativeTarget;
			buildConfigurationList = AEBADBFE1A4DD1FF00180115 /* Build configuration list for PBXNativeTarget "Hansel" */;
			buildPhases = (
				D32ABDA871EB81EAB5C5A08D /* Check Pods Manifest.lock */,
				AEBADBDB1A4DD1FF00180115 /* Sources */,
				AEBADBDC1A4DD1FF00180115 /* Frameworks */,
				AEBADBDD1A4DD1FF00180115 /* Resources */,
				B9011914C8C1172A3C1C6CA5 /* Copy Pods Resources */,
				AED57C401A537C93007B797A /* Embed App Extensions */,
			);
			buildRules = (
			);
			dependencies = (
				AED57C3B1A537C93007B797A /* PBXTargetDependency */,
			);
			name = Hansel;
			productName = Insights;
			productReference = AEBADBDF1A4DD1FF00180115 /* Hansel.app */;
			productType = "com.apple.product-type.application";
		};
		AEBADBF31A4DD1FF00180115 /* HanselTests */ = {
			isa = PBXNativeTarget;
			buildConfigurationList = AEBADC011A4DD1FF00180115 /* Build configuration list for PBXNativeTarget "HanselTests" */;
			buildPhases = (
				AEBADBF01A4DD1FF00180115 /* Sources */,
				AEBADBF11A4DD1FF00180115 /* Frameworks */,
				AEBADBF21A4DD1FF00180115 /* Resources */,
			);
			buildRules = (
			);
			dependencies = (
				AEBADBF61A4DD1FF00180115 /* PBXTargetDependency */,
			);
			name = HanselTests;
			productName = InsightsTests;
			productReference = AEBADBF41A4DD1FF00180115 /* HanselTests.xctest */;
			productType = "com.apple.product-type.bundle.unit-test";
		};
		AED57C2F1A537C93007B797A /* Hansel Now */ = {
			isa = PBXNativeTarget;
			buildConfigurationList = AED57C3D1A537C93007B797A /* Build configuration list for PBXNativeTarget "Hansel Now" */;
			buildPhases = (
				AED57C2C1A537C93007B797A /* Sources */,
				AED57C2D1A537C93007B797A /* Frameworks */,
				AED57C2E1A537C93007B797A /* Resources */,
			);
			buildRules = (
			);
			dependencies = (
			);
			name = "Hansel Now";
			productName = "Hansel Now";
			productReference = AED57C301A537C93007B797A /* Hansel Now.appex */;
			productType = "com.apple.product-type.app-extension";
		};
/* End PBXNativeTarget section */

/* Begin PBXProject section */
		AEBADBD71A4DD1FF00180115 /* Project object */ = {
			isa = PBXProject;
			attributes = {
				LastUpgradeCheck = 0610;
				ORGANIZATIONNAME = "Adrian le Bas";
				TargetAttributes = {
					AEBADBDE1A4DD1FF00180115 = {
						CreatedOnToolsVersion = 6.1.1;
						DevelopmentTeam = HP7SJ593H9;
						SystemCapabilities = {
							com.apple.ApplicationGroups.iOS = {
								enabled = 1;
							};
							com.apple.Maps.iOS = {
								enabled = 1;
							};
						};
					};
					AEBADBF31A4DD1FF00180115 = {
						CreatedOnToolsVersion = 6.1.1;
						TestTargetID = AEBADBDE1A4DD1FF00180115;
					};
					AED57C2F1A537C93007B797A = {
						CreatedOnToolsVersion = 6.1.1;
						DevelopmentTeam = HP7SJ593H9;
						SystemCapabilities = {
							com.apple.ApplicationGroups.iOS = {
								enabled = 1;
							};
						};
					};
				};
			};
			buildConfigurationList = AEBADBDA1A4DD1FF00180115 /* Build configuration list for PBXProject "Hansel" */;
			compatibilityVersion = "Xcode 3.2";
			developmentRegion = English;
			hasScannedForEncodings = 0;
			knownRegions = (
				en,
				Base,
			);
			mainGroup = AEBADBD61A4DD1FF00180115;
			productRefGroup = AEBADBE01A4DD1FF00180115 /* Products */;
			projectDirPath = "";
			projectRoot = "";
			targets = (
				AEBADBDE1A4DD1FF00180115 /* Hansel */,
				AEBADBF31A4DD1FF00180115 /* HanselTests */,
				AED57C2F1A537C93007B797A /* Hansel Now */,
			);
		};
/* End PBXProject section */

/* Begin PBXResourcesBuildPhase section */
		AEBADBDD1A4DD1FF00180115 /* Resources */ = {
			isa = PBXResourcesBuildPhase;
			buildActionMask = 2147483647;
			files = (
				AE148B0D1A53525600DAF29F /* Main.storyboard in Resources */,
				AE148B0C1A53525100DAF29F /* LaunchScreen.xib in Resources */,
				AE148AF81A534E2900DAF29F /* Images.xcassets in Resources */,
				AE148AF91A534E2900DAF29F /* Info.plist in Resources */,
			);
			runOnlyForDeploymentPostprocessing = 0;
		};
		AEBADBF21A4DD1FF00180115 /* Resources */ = {
			isa = PBXResourcesBuildPhase;
			buildActionMask = 2147483647;
			files = (
			);
			runOnlyForDeploymentPostprocessing = 0;
		};
		AED57C2E1A537C93007B797A /* Resources */ = {
			isa = PBXResourcesBuildPhase;
			buildActionMask = 2147483647;
			files = (
				AED57C391A537C93007B797A /* MainInterface.storyboard in Resources */,
			);
			runOnlyForDeploymentPostprocessing = 0;
		};
/* End PBXResourcesBuildPhase section */

/* Begin PBXShellScriptBuildPhase section */
		B9011914C8C1172A3C1C6CA5 /* Copy Pods Resources */ = {
			isa = PBXShellScriptBuildPhase;
			buildActionMask = 2147483647;
			files = (
			);
			inputPaths = (
			);
			name = "Copy Pods Resources";
			outputPaths = (
			);
			runOnlyForDeploymentPostprocessing = 0;
			shellPath = /bin/sh;
			shellScript = "\"${SRCROOT}/Pods/Target Support Files/Pods-Hansel/Pods-Hansel-resources.sh\"\n";
			showEnvVarsInLog = 0;
		};
		D32ABDA871EB81EAB5C5A08D /* Check Pods Manifest.lock */ = {
			isa = PBXShellScriptBuildPhase;
			buildActionMask = 2147483647;
			files = (
			);
			inputPaths = (
			);
			name = "Check Pods Manifest.lock";
			outputPaths = (
			);
			runOnlyForDeploymentPostprocessing = 0;
			shellPath = /bin/sh;
			shellScript = "diff \"${PODS_ROOT}/../Podfile.lock\" \"${PODS_ROOT}/Manifest.lock\" > /dev/null\nif [[ $? != 0 ]] ; then\n    cat << EOM\nerror: The sandbox is not in sync with the Podfile.lock. Run 'pod install' or update your CocoaPods installation.\nEOM\n    exit 1\nfi\n";
			showEnvVarsInLog = 0;
		};
/* End PBXShellScriptBuildPhase section */

/* Begin PBXSourcesBuildPhase section */
		AEBADBDB1A4DD1FF00180115 /* Sources */ = {
			isa = PBXSourcesBuildPhase;
			buildActionMask = 2147483647;
			files = (
				AE148AF21A534E2900DAF29F /* CreateViewController.swift in Sources */,
				AE148AF51A534E2900DAF29F /* DetailViewController.swift in Sources */,
				AE148AF31A534E2900DAF29F /* CustomGesture.swift in Sources */,
				AE148AFB1A534E2900DAF29F /* InsightsManager.swift in Sources */,
				AE148AFD1A534E2900DAF29F /* LocationManager.swift in Sources */,
				AE148AF11A534E2900DAF29F /* CreateTransitionManager.swift in Sources */,
				AE148AFF1A534E2900DAF29F /* OneShotLocationManager.swift in Sources */,
				AE148AFE1A534E2900DAF29F /* MainViewController.swift in Sources */,
				AE148AFC1A534E2900DAF29F /* InsightTableViewCell.swift in Sources */,
				AE148B001A534E2900DAF29F /* SessionManager.swift in Sources */,
				AE148AEE1A534E2900DAF29F /* AppDelegate.swift in Sources */,
				AE148AF41A534E2900DAF29F /* DateClass.swift in Sources */,
				AE148AF71A534E2900DAF29F /* FilterViewController.swift in Sources */,
				AE148AF61A534E2900DAF29F /* FilterTransitionManager.swift in Sources */,
				AE148AFA1A534E2900DAF29F /* InsightModel.swift in Sources */,
				AE148B011A534E2900DAF29F /* SessionViewController.swift in Sources */,
				AE148B021A534E2900DAF29F /* TransitionDelegate.swift in Sources */,
			);
			runOnlyForDeploymentPostprocessing = 0;
		};
		AEBADBF01A4DD1FF00180115 /* Sources */ = {
			isa = PBXSourcesBuildPhase;
			buildActionMask = 2147483647;
			files = (
				AEBADBFB1A4DD1FF00180115 /* InsightsTests.swift in Sources */,
			);
			runOnlyForDeploymentPostprocessing = 0;
		};
		AED57C2C1A537C93007B797A /* Sources */ = {
			isa = PBXSourcesBuildPhase;
			buildActionMask = 2147483647;
			files = (
				AED57C371A537C93007B797A /* TodayViewController.swift in Sources */,
			);
			runOnlyForDeploymentPostprocessing = 0;
		};
/* End PBXSourcesBuildPhase section */

/* Begin PBXTargetDependency section */
		AEBADBF61A4DD1FF00180115 /* PBXTargetDependency */ = {
			isa = PBXTargetDependency;
			target = AEBADBDE1A4DD1FF00180115 /* Hansel */;
			targetProxy = AEBADBF51A4DD1FF00180115 /* PBXContainerItemProxy */;
		};
		AED57C3B1A537C93007B797A /* PBXTargetDependency */ = {
			isa = PBXTargetDependency;
			target = AED57C2F1A537C93007B797A /* Hansel Now */;
			targetProxy = AED57C3A1A537C93007B797A /* PBXContainerItemProxy */;
		};
/* End PBXTargetDependency section */

/* Begin PBXVariantGroup section */
		AE148AD71A534E2900DAF29F /* LaunchScreen.xib */ = {
			isa = PBXVariantGroup;
			children = (
				AE148AD81A534E2900DAF29F /* Base */,
			);
			name = LaunchScreen.xib;
			sourceTree = "<group>";
		};
		AE148AD91A534E2900DAF29F /* Main.storyboard */ = {
			isa = PBXVariantGroup;
			children = (
				AE148ADA1A534E2900DAF29F /* Base */,
			);
			name = Main.storyboard;
			sourceTree = "<group>";
		};
/* End PBXVariantGroup section */

/* Begin XCBuildConfiguration section */
		AEBADBFC1A4DD1FF00180115 /* Debug */ = {
			isa = XCBuildConfiguration;
			buildSettings = {
				ALWAYS_SEARCH_USER_PATHS = NO;
				CLANG_CXX_LANGUAGE_STANDARD = "gnu++0x";
				CLANG_CXX_LIBRARY = "libc++";
				CLANG_ENABLE_MODULES = YES;
				CLANG_ENABLE_OBJC_ARC = YES;
				CLANG_WARN_BOOL_CONVERSION = YES;
				CLANG_WARN_CONSTANT_CONVERSION = YES;
				CLANG_WARN_DIRECT_OBJC_ISA_USAGE = YES_ERROR;
				CLANG_WARN_EMPTY_BODY = YES;
				CLANG_WARN_ENUM_CONVERSION = YES;
				CLANG_WARN_INT_CONVERSION = YES;
				CLANG_WARN_OBJC_ROOT_CLASS = YES_ERROR;
				CLANG_WARN_UNREACHABLE_CODE = YES;
				CLANG_WARN__DUPLICATE_METHOD_MATCH = YES;
				"CODE_SIGN_IDENTITY[sdk=iphoneos*]" = "iPhone Developer";
				COPY_PHASE_STRIP = NO;
				ENABLE_STRICT_OBJC_MSGSEND = YES;
				GCC_C_LANGUAGE_STANDARD = gnu99;
				GCC_DYNAMIC_NO_PIC = NO;
				GCC_OPTIMIZATION_LEVEL = 0;
				GCC_PREPROCESSOR_DEFINITIONS = (
					"DEBUG=1",
					"$(inherited)",
				);
				GCC_SYMBOLS_PRIVATE_EXTERN = NO;
				GCC_WARN_64_TO_32_BIT_CONVERSION = YES;
				GCC_WARN_ABOUT_RETURN_TYPE = YES_ERROR;
				GCC_WARN_UNDECLARED_SELECTOR = YES;
				GCC_WARN_UNINITIALIZED_AUTOS = YES_AGGRESSIVE;
				GCC_WARN_UNUSED_FUNCTION = YES;
				GCC_WARN_UNUSED_VARIABLE = YES;
				IPHONEOS_DEPLOYMENT_TARGET = 8.1;
				MTL_ENABLE_DEBUG_INFO = YES;
				ONLY_ACTIVE_ARCH = YES;
				SDKROOT = iphoneos;
				SWIFT_OPTIMIZATION_LEVEL = "-Onone";
			};
			name = Debug;
		};
		AEBADBFD1A4DD1FF00180115 /* Release */ = {
			isa = XCBuildConfiguration;
			buildSettings = {
				ALWAYS_SEARCH_USER_PATHS = NO;
				CLANG_CXX_LANGUAGE_STANDARD = "gnu++0x";
				CLANG_CXX_LIBRARY = "libc++";
				CLANG_ENABLE_MODULES = YES;
				CLANG_ENABLE_OBJC_ARC = YES;
				CLANG_WARN_BOOL_CONVERSION = YES;
				CLANG_WARN_CONSTANT_CONVERSION = YES;
				CLANG_WARN_DIRECT_OBJC_ISA_USAGE = YES_ERROR;
				CLANG_WARN_EMPTY_BODY = YES;
				CLANG_WARN_ENUM_CONVERSION = YES;
				CLANG_WARN_INT_CONVERSION = YES;
				CLANG_WARN_OBJC_ROOT_CLASS = YES_ERROR;
				CLANG_WARN_UNREACHABLE_CODE = YES;
				CLANG_WARN__DUPLICATE_METHOD_MATCH = YES;
				"CODE_SIGN_IDENTITY[sdk=iphoneos*]" = "iPhone Developer";
				COPY_PHASE_STRIP = YES;
				ENABLE_NS_ASSERTIONS = NO;
				ENABLE_STRICT_OBJC_MSGSEND = YES;
				GCC_C_LANGUAGE_STANDARD = gnu99;
				GCC_WARN_64_TO_32_BIT_CONVERSION = YES;
				GCC_WARN_ABOUT_RETURN_TYPE = YES_ERROR;
				GCC_WARN_UNDECLARED_SELECTOR = YES;
				GCC_WARN_UNINITIALIZED_AUTOS = YES_AGGRESSIVE;
				GCC_WARN_UNUSED_FUNCTION = YES;
				GCC_WARN_UNUSED_VARIABLE = YES;
				IPHONEOS_DEPLOYMENT_TARGET = 8.1;
				MTL_ENABLE_DEBUG_INFO = NO;
				SDKROOT = iphoneos;
				VALIDATE_PRODUCT = YES;
			};
			name = Release;
		};
		AEBADBFF1A4DD1FF00180115 /* Debug */ = {
			isa = XCBuildConfiguration;
			baseConfigurationReference = FBC2DBD8E7C3B04B68EF48C9 /* Pods-Hansel.debug.xcconfig */;
			buildSettings = {
				ASSETCATALOG_COMPILER_APPICON_NAME = AppIcon;
				CLANG_ENABLE_MODULES = YES;
				CODE_SIGN_ENTITLEMENTS = Hansel/Hansel.entitlements;
				CODE_SIGN_IDENTITY = "iPhone Developer";
				"CODE_SIGN_IDENTITY[sdk=iphoneos*]" = "iPhone Developer";
				EMBEDDED_CONTENT_CONTAINS_SWIFT = YES;
				INFOPLIST_FILE = "$(SRCROOT)/Hansel/Info.plist";
				LD_RUNPATH_SEARCH_PATHS = "$(inherited) @executable_path/Frameworks";
				PRODUCT_NAME = Hansel;
				PROVISIONING_PROFILE = "";
				SWIFT_OBJC_BRIDGING_HEADER = "Hansel/Hansel-Bridging-Header.h";
				SWIFT_OPTIMIZATION_LEVEL = "-Onone";
			};
			name = Debug;
		};
		AEBADC001A4DD1FF00180115 /* Release */ = {
			isa = XCBuildConfiguration;
			baseConfigurationReference = D224C646C8B7796B1D827C05 /* Pods-Hansel.release.xcconfig */;
			buildSettings = {
				ASSETCATALOG_COMPILER_APPICON_NAME = AppIcon;
				CLANG_ENABLE_MODULES = YES;
				CODE_SIGN_ENTITLEMENTS = Hansel/Hansel.entitlements;
				CODE_SIGN_IDENTITY = "iPhone Developer";
				"CODE_SIGN_IDENTITY[sdk=iphoneos*]" = "iPhone Developer";
				EMBEDDED_CONTENT_CONTAINS_SWIFT = YES;
				INFOPLIST_FILE = "$(SRCROOT)/Hansel/Info.plist";
				LD_RUNPATH_SEARCH_PATHS = "$(inherited) @executable_path/Frameworks";
				PRODUCT_NAME = Hansel;
				PROVISIONING_PROFILE = "";
				SWIFT_OBJC_BRIDGING_HEADER = "Hansel/Hansel-Bridging-Header.h";
			};
			name = Release;
		};
		AEBADC021A4DD1FF00180115 /* Debug */ = {
			isa = XCBuildConfiguration;
			buildSettings = {
				BUNDLE_LOADER = "$(TEST_HOST)";
				FRAMEWORK_SEARCH_PATHS = (
					"$(SDKROOT)/Developer/Library/Frameworks",
					"$(inherited)",
				);
				GCC_PREPROCESSOR_DEFINITIONS = (
					"DEBUG=1",
					"$(inherited)",
				);
				INFOPLIST_FILE = InsightsTests/Info.plist;
				LD_RUNPATH_SEARCH_PATHS = "$(inherited) @executable_path/Frameworks @loader_path/Frameworks";
				PRODUCT_NAME = HanselTests;
				TEST_HOST = "$(BUILT_PRODUCTS_DIR)/Hansel.app/Hansel";
			};
			name = Debug;
		};
		AEBADC031A4DD1FF00180115 /* Release */ = {
			isa = XCBuildConfiguration;
			buildSettings = {
				BUNDLE_LOADER = "$(TEST_HOST)";
				FRAMEWORK_SEARCH_PATHS = (
					"$(SDKROOT)/Developer/Library/Frameworks",
					"$(inherited)",
				);
				INFOPLIST_FILE = InsightsTests/Info.plist;
				LD_RUNPATH_SEARCH_PATHS = "$(inherited) @executable_path/Frameworks @loader_path/Frameworks";
				PRODUCT_NAME = HanselTests;
				TEST_HOST = "$(BUILT_PRODUCTS_DIR)/Hansel.app/Hansel";
			};
			name = Release;
		};
		AED57C3E1A537C93007B797A /* Debug */ = {
			isa = XCBuildConfiguration;
			buildSettings = {
				CODE_SIGN_ENTITLEMENTS = "Hansel Now/Hansel Now.entitlements";
				CODE_SIGN_IDENTITY = "iPhone Developer";
				"CODE_SIGN_IDENTITY[sdk=iphoneos*]" = "iPhone Developer";
				GCC_PREPROCESSOR_DEFINITIONS = (
					"DEBUG=1",
					"$(inherited)",
				);
				INFOPLIST_FILE = "Hansel Now/Info.plist";
				LD_RUNPATH_SEARCH_PATHS = "$(inherited) @executable_path/Frameworks @executable_path/../../Frameworks";
				PRODUCT_NAME = "$(TARGET_NAME)";
				PROVISIONING_PROFILE = "";
				SKIP_INSTALL = YES;
			};
			name = Debug;
		};
		AED57C3F1A537C93007B797A /* Release */ = {
			isa = XCBuildConfiguration;
			buildSettings = {
				CODE_SIGN_ENTITLEMENTS = "Hansel Now/Hansel Now.entitlements";
				CODE_SIGN_IDENTITY = "iPhone Developer";
				"CODE_SIGN_IDENTITY[sdk=iphoneos*]" = "iPhone Developer";
				INFOPLIST_FILE = "Hansel Now/Info.plist";
				LD_RUNPATH_SEARCH_PATHS = "$(inherited) @executable_path/Frameworks @executable_path/../../Frameworks";
				PRODUCT_NAME = "$(TARGET_NAME)";
				PROVISIONING_PROFILE = "";
				SKIP_INSTALL = YES;
			};
			name = Release;
		};
/* End XCBuildConfiguration section */

/* Begin XCConfigurationList section */
		AEBADBDA1A4DD1FF00180115 /* Build configuration list for PBXProject "Hansel" */ = {
			isa = XCConfigurationList;
			buildConfigurations = (
				AEBADBFC1A4DD1FF00180115 /* Debug */,
				AEBADBFD1A4DD1FF00180115 /* Release */,
			);
			defaultConfigurationIsVisible = 0;
			defaultConfigurationName = Release;
		};
		AEBADBFE1A4DD1FF00180115 /* Build configuration list for PBXNativeTarget "Hansel" */ = {
			isa = XCConfigurationList;
			buildConfigurations = (
				AEBADBFF1A4DD1FF00180115 /* Debug */,
				AEBADC001A4DD1FF00180115 /* Release */,
			);
			defaultConfigurationIsVisible = 0;
			defaultConfigurationName = Release;
		};
		AEBADC011A4DD1FF00180115 /* Build configuration list for PBXNativeTarget "HanselTests" */ = {
			isa = XCConfigurationList;
			buildConfigurations = (
				AEBADC021A4DD1FF00180115 /* Debug */,
				AEBADC031A4DD1FF00180115 /* Release */,
			);
			defaultConfigurationIsVisible = 0;
			defaultConfigurationName = Release;
		};
		AED57C3D1A537C93007B797A /* Build configuration list for PBXNativeTarget "Hansel Now" */ = {
			isa = XCConfigurationList;
			buildConfigurations = (
				AED57C3E1A537C93007B797A /* Debug */,
				AED57C3F1A537C93007B797A /* Release */,
			);
			defaultConfigurationIsVisible = 0;
		};
/* End XCConfigurationList section */
	};
	rootObject = AEBADBD71A4DD1FF00180115 /* Project object */;
}
